
Microsoft Visual Studio Solution File, Format Version 12.00
# Visual Studio 2013
VisualStudioVersion = 12.0.21005.1
MinimumVisualStudioVersion = 10.0.40219.1
Project("{2150E333-8FDC-42A3-9474-1A3956D46DE8}") = "1. View", "1. View", "{B70A02C5-7054-42F9-84DE-C378DF8390B7}"
EndProject
Project("{2150E333-8FDC-42A3-9474-1A3956D46DE8}") = "2. Domain", "2. Domain", "{A03658D4-DBAD-4113-8B44-0298EC4AC774}"
EndProject
Project("{2150E333-8FDC-42A3-9474-1A3956D46DE8}") = "3. Model", "3. Model", "{3B02AC3B-EE2D-46A1-A737-CACCB76FDC77}"
EndProject
Project("{2150E333-8FDC-42A3-9474-1A3956D46DE8}") = "4. Infrastructure", "4. Infrastructure", "{B0B5C389-FFCF-451F-BA14-2D439FB6E5A7}"
EndProject
Project("{FAE04EC0-301F-11D3-BF4B-00C04F79EFBC}") = "APP.Domain", "2. Domain\APP.Domain\APP.Domain.csproj", "{54CB521B-57A2-450C-BB26-2AE9483D3BC6}"
EndProject
Project("{FAE04EC0-301F-11D3-BF4B-00C04F79EFBC}") = "APP.Infrastructure", "4. Infrastructure\APP.Infrastructure\APP.Infrastructure.csproj", "{0C09DB3C-FB2B-4DF5-95E7-58281484235C}"
EndProject
Project("{FAE04EC0-301F-11D3-BF4B-00C04F79EFBC}") = "APP.Infrastructure.Test", "4. Infrastructure\APP.Infrastructure.Test\APP.Infrastructure.Test.csproj", "{3DFB0A01-56DA-436D-8B2B-12B18289FCE1}"
EndProject
Project("{FAE04EC0-301F-11D3-BF4B-00C04F79EFBC}") = "APP.View", "1. View\APP.View\APP.View.csproj", "{01849254-06F4-42E9-BC5E-52E0B3CD8D06}"
EndProject
Project("{FAE04EC0-301F-11D3-BF4B-00C04F79EFBC}") = "APP.Domain.Test", "2. Domain\APP.Domain.Test\APP.Domain.Test.csproj", "{003EDF1B-C532-4A3D-8C50-97C1E52364CB}"
EndProject
Project("{FAE04EC0-301F-11D3-BF4B-00C04F79EFBC}") = "APP.Model", "3. Model\APP.Model\APP.Model.csproj", "{4D34D3EE-F059-4473-9881-8158166ED8AA}"
EndProject
Project("{FAE04EC0-301F-11D3-BF4B-00C04F79EFBC}") = "APP.Model.Test", "3. Model\APP.Model.Test\APP.Model.Test.csproj", "{79384B1A-7972-4068-BEBE-6E0785ACD17F}"
EndProject
Global
	GlobalSection(SolutionConfigurationPlatforms) = preSolution
		Debug|Any CPU = Debug|Any CPU
		Release|Any CPU = Release|Any CPU
	EndGlobalSection
	GlobalSection(ProjectConfigurationPlatforms) = postSolution
		{54CB521B-57A2-450C-BB26-2AE9483D3BC6}.Debug|Any CPU.ActiveCfg = Debug|Any CPU
		{54CB521B-57A2-450C-BB26-2AE9483D3BC6}.Debug|Any CPU.Build.0 = Debug|Any CPU
		{54CB521B-57A2-450C-BB26-2AE9483D3BC6}.Release|Any CPU.ActiveCfg = Release|Any CPU
		{54CB521B-57A2-450C-BB26-2AE9483D3BC6}.Release|Any CPU.Build.0 = Release|Any CPU
		{0C09DB3C-FB2B-4DF5-95E7-58281484235C}.Debug|Any CPU.ActiveCfg = Debug|Any CPU
		{0C09DB3C-FB2B-4DF5-95E7-58281484235C}.Debug|Any CPU.Build.0 = Debug|Any CPU
		{0C09DB3C-FB2B-4DF5-95E7-58281484235C}.Release|Any CPU.ActiveCfg = Release|Any CPU
		{0C09DB3C-FB2B-4DF5-95E7-58281484235C}.Release|Any CPU.Build.0 = Release|Any CPU
		{3DFB0A01-56DA-436D-8B2B-12B18289FCE1}.Debug|Any CPU.ActiveCfg = Debug|Any CPU
		{3DFB0A01-56DA-436D-8B2B-12B18289FCE1}.Debug|Any CPU.Build.0 = Debug|Any CPU
		{3DFB0A01-56DA-436D-8B2B-12B18289FCE1}.Release|Any CPU.ActiveCfg = Release|Any CPU
		{3DFB0A01-56DA-436D-8B2B-12B18289FCE1}.Release|Any CPU.Build.0 = Release|Any CPU
		{01849254-06F4-42E9-BC5E-52E0B3CD8D06}.Debug|Any CPU.ActiveCfg = Debug|Any CPU
		{01849254-06F4-42E9-BC5E-52E0B3CD8D06}.Debug|Any CPU.Build.0 = Debug|Any CPU
		{01849254-06F4-42E9-BC5E-52E0B3CD8D06}.Release|Any CPU.ActiveCfg = Release|Any CPU
		{01849254-06F4-42E9-BC5E-52E0B3CD8D06}.Release|Any CPU.Build.0 = Release|Any CPU
		{003EDF1B-C532-4A3D-8C50-97C1E52364CB}.Debug|Any CPU.ActiveCfg = Debug|Any CPU
		{003EDF1B-C532-4A3D-8C50-97C1E52364CB}.Debug|Any CPU.Build.0 = Debug|Any CPU
		{003EDF1B-C532-4A3D-8C50-97C1E52364CB}.Release|Any CPU.ActiveCfg = Release|Any CPU
		{003EDF1B-C532-4A3D-8C50-97C1E52364CB}.Release|Any CPU.Build.0 = Release|Any CPU
		{4D34D3EE-F059-4473-9881-8158166ED8AA}.Debug|Any CPU.ActiveCfg = Debug|Any CPU
		{4D34D3EE-F059-4473-9881-8158166ED8AA}.Debug|Any CPU.Build.0 = Debug|Any CPU
		{4D34D3EE-F059-4473-9881-8158166ED8AA}.Release|Any CPU.ActiveCfg = Release|Any CPU
		{4D34D3EE-F059-4473-9881-8158166ED8AA}.Release|Any CPU.Build.0 = Release|Any CPU
		{79384B1A-7972-4068-BEBE-6E0785ACD17F}.Debug|Any CPU.ActiveCfg = Debug|Any CPU
		{79384B1A-7972-4068-BEBE-6E0785ACD17F}.Debug|Any CPU.Build.0 = Debug|Any CPU
		{79384B1A-7972-4068-BEBE-6E0785ACD17F}.Release|Any CPU.ActiveCfg = Release|Any CPU
		{79384B1A-7972-4068-BEBE-6E0785ACD17F}.Release|Any CPU.Build.0 = Release|Any CPU
	EndGlobalSection
	GlobalSection(SolutionProperties) = preSolution
		HideSolutionNode = FALSE
	EndGlobalSection
	GlobalSection(NestedProjects) = preSolution
		{01849254-06F4-42E9-BC5E-52E0B3CD8D06} = {B70A02C5-7054-42F9-84DE-C378DF8390B7}
		{54CB521B-57A2-450C-BB26-2AE9483D3BC6} = {A03658D4-DBAD-4113-8B44-0298EC4AC774}
		{003EDF1B-C532-4A3D-8C50-97C1E52364CB} = {A03658D4-DBAD-4113-8B44-0298EC4AC774}
		{4D34D3EE-F059-4473-9881-8158166ED8AA} = {3B02AC3B-EE2D-46A1-A737-CACCB76FDC77}
		{79384B1A-7972-4068-BEBE-6E0785ACD17F} = {3B02AC3B-EE2D-46A1-A737-CACCB76FDC77}
		{0C09DB3C-FB2B-4DF5-95E7-58281484235C} = {B0B5C389-FFCF-451F-BA14-2D439FB6E5A7}
		{3DFB0A01-56DA-436D-8B2B-12B18289FCE1} = {B0B5C389-FFCF-451F-BA14-2D439FB6E5A7}
	EndGlobalSection
EndGlobal
